PODS:
  - AFNetworking (3.2.1):
    - AFNetworking/NSURLSession (= 3.2.1)
    - AFNetworking/Reachability (= 3.2.1)
    - AFNetworking/Security (= 3.2.1)
    - AFNetworking/Serialization (= 3.2.1)
    - AFNetworking/UIKit (= 3.2.1)
  - AFNetworking/NSURLSession (3.2.1):
    - AFNetworking/Reachability
    - AFNetworking/Security
    - AFNetworking/Serialization
  - AFNetworking/Reachability (3.2.1)
  - AFNetworking/Security (3.2.1)
  - AFNetworking/Serialization (3.2.1)
  - AFNetworking/UIKit (3.2.1):
    - AFNetworking/NSURLSession
  - BaiduMapKit (4.4.2)
  - CocoaSecurity (1.2.4)
  - IQKeyboardManager (6.4.2)
  - JCore (1.2.6)
  - JPush (3.1.0):
    - JCore (~> 1.2.0)
  - Masonry (1.1.0)
  - MBProgressHUD (0.9.2)
  - "MBProgressHUD+JDragon (0.0.4)":
    - MBProgressHUD (~> 0.9.2)
  - MJExtension (3.1.2)
  - MJRefresh (3.2.0)
  - pop (1.0.12)
  - SDAutoLayout (2.2.1)
  - SDWebImage (5.1.1):
    - SDWebImage/Core (= 5.1.1)
  - SDWebImage/Core (5.1.1)
  - SVProgressHUD (2.2.5)
  - TZImagePickerController (3.2.3)
  - YYKit (1.0.9):
    - YYKit/no-arc (= 1.0.9)
  - YYKit/no-arc (1.0.9)

DEPENDENCIES:
  - AFNetworking
  - BaiduMapKit
  - CocoaSecurity
  - IQKeyboardManager
  - JPush (= 3.1.0)
  - Masonry
  - "MBProgressHUD+JDragon"
  - MJExtension
  - MJRefresh
  - pop (~> 1.0)
  - SDAutoLayout
  - SDWebImage
  - SVProgressHUD
  - TZImagePickerController
  - YYKit

SPEC REPOS:
  https://github.com/cocoapods/specs.git:
    - AFNetworking
    - BaiduMapKit
    - CocoaSecurity
    - IQKeyboardManager
    - JCore
    - JPush
    - Masonry
    - MBProgressHUD
    - "MBProgressHUD+JDragon"
    - MJExtension
    - MJRefresh
    - pop
    - SDAutoLayout
    - SDWebImage
    - SVProgressHUD
    - TZImagePickerController
    - YYKit

SPEC CHECKSUMS:
  AFNetworking: b6f891fdfaed196b46c7a83cf209e09697b94057
  BaiduMapKit: 11acde2e7c06e31b7de60b323880a5eb7c4dccb6
  CocoaSecurity: d288a6f87e0f363823d2cb83e753814a6944f71a
  IQKeyboardManager: b41e0a4943fbac4c11a239d31a688667675f962e
  JCore: cae516dd2bf1a73b578ce6e1065abd49e709e0f7
  JPush: 5921e25ad13e0386351079217b009f2039084eac
  Masonry: 678fab65091a9290e40e2832a55e7ab731aad201
  MBProgressHUD: 1569cf7ace17a8bac47aabfbb8580a49690386d1
  "MBProgressHUD+JDragon": 51958736b3a9f97adc176371544ffa257a0ba058
  MJExtension: 81e8e411ced318561dd09334b0c83d8227cef79c
  MJRefresh: ed450d6eb9d3346a2cb033ab7eb6de090aeef437
  pop: d582054913807fd11fd50bfe6a539d91c7e1a55a
  SDAutoLayout: 8bf6b3bbc8b01f775d4defbb4fda2ace805461be
  SDWebImage: 96d7f03415ccb28d299d765f93557ff8a617abd8
  SVProgressHUD: 1428aafac632c1f86f62aa4243ec12008d7a51d6
  TZImagePickerController: f321e8db6cd18dc6ac8e23694961c158a9345a87
  YYKit: 7cda43304a8dc3696c449041e2cb3107b4e236e7

PODFILE CHECKSUM: a63d8de7ba1ae9399e2cae574cae14f59fd43f4e

COCOAPODS: 1.7.5
